
Microsoft Visual Studio Solution File, Format Version 12.00
# Visual Studio Version 17
VisualStudioVersion = 17.9.34607.119
MinimumVisualStudioVersion = 10.0.40219.1
Project("{FAE04EC0-301F-11D3-BF4B-00C04F79EFBC}") = "TP9-ProjetoDeBloco", "TP9-ProjetoDeBloco\TP9-ProjetoDeBloco.csproj", "{7D8AB9D0-3184-4642-ACC0-180113043F7C}"
EndProject
Global
	GlobalSection(SolutionConfigurationPlatforms) = preSolution
		Debug|Any CPU = Debug|Any CPU
		Release|Any CPU = Release|Any CPU
	EndGlobalSection
	GlobalSection(ProjectConfigurationPlatforms) = postSolution
		{7D8AB9D0-3184-4642-ACC0-180113043F7C}.Debug|Any CPU.ActiveCfg = Debug|Any CPU
		{7D8AB9D0-3184-4642-ACC0-180113043F7C}.Debug|Any CPU.Build.0 = Debug|Any CPU
		{7D8AB9D0-3184-4642-ACC0-180113043F7C}.Release|Any CPU.ActiveCfg = Release|Any CPU
		{7D8AB9D0-3184-4642-ACC0-180113043F7C}.Release|Any CPU.Build.0 = Release|Any CPU
	EndGlobalSection
	GlobalSection(SolutionProperties) = preSolution
		HideSolutionNode = FALSE
	EndGlobalSection
	GlobalSection(ExtensibilityGlobals) = postSolution
		SolutionGuid = {B5AC1760-1C29-4CB5-9660-57BF61EB60EC}
	EndGlobalSection
EndGlobal
